// !$*UTF8*$!
{
	archiveVersion = 1;
	classes = {
	};
	objectVersion = 48;
	objects = {

/* Begin PBXBuildFile section */
		12DE116A1FDE5EFB00E213DA /* AppDelegate.swift in Sources */ = {isa = PBXBuildFile; fileRef = 12DE11691FDE5EFB00E213DA /* AppDelegate.swift */; };
		12DE116C1FDE5EFB00E213DA /* ViewController.swift in Sources */ = {isa = PBXBuildFile; fileRef = 12DE116B1FDE5EFB00E213DA /* ViewController.swift */; };
		12DE116F1FDE5EFB00E213DA /* Main.storyboard in Resources */ = {isa = PBXBuildFile; fileRef = 12DE116D1FDE5EFB00E213DA /* Main.storyboard */; };
		12DE11711FDE5EFB00E213DA /* Assets.xcassets in Resources */ = {isa = PBXBuildFile; fileRef = 12DE11701FDE5EFB00E213DA /* Assets.xcassets */; };
		12DE11741FDE5EFB00E213DA /* LaunchScreen.storyboard in Resources */ = {isa = PBXBuildFile; fileRef = 12DE11721FDE5EFB00E213DA /* LaunchScreen.storyboard */; };
/* End PBXBuildFile section */

/* Begin PBXFileReference section */
		12DE11661FDE5EFB00E213DA /* myapp001.app */ = {isa = PBXFileReference; explicitFileType = wrapper.application; includeInIndex = 0; path = myapp001.app; sourceTree = BUILT_PRODUCTS_DIR; };
		12DE11691FDE5EFB00E213DA /* AppDelegate.swift */ = {isa = PBXFileReference; lastKnownFileType = sourcecode.swift; path = AppDelegate.swift; sourceTree = "<group>"; };
		12DE116B1FDE5EFB00E213DA /* ViewController.swift */ = {isa = PBXFileReference; lastKnownFileType = sourcecode.swift; path = ViewController.swift; sourceTree = "<group>"; };
		12DE116E1FDE5EFB00E213DA /* Base */ = {isa = PBXFileReference; lastKnownFileType = file.storyboard; name = Base; path = Base.lproj/Main.storyboard; sourceTree = "<group>"; };
		12DE11701FDE5EFB00E213DA /* Assets.xcassets */ = {isa = PBXFileReference; lastKnownFileType = folder.assetcatalog; path = Assets.xcassets; sourceTree = "<group>"; };
		12DE11731FDE5EFB00E213DA /* Base */ = {isa = PBXFileReference; lastKnownFileType = file.storyboard; name = Base; path = Base.lproj/LaunchScreen.storyboard; sourceTree = "<group>"; };
		12DE11751FDE5EFB00E213DA /* Info.plist */ = {isa = PBXFileReference; lastKnownFileType = text.plist.xml; path = Info.plist; sourceTree = "<group>"; };
/* End PBXFileReference section */

/* Begin PBXFrameworksBuildPhase section */
		12DE11631FDE5EFB00E213DA /* Frameworks */ = {
			isa = PBXFrameworksBuildPhase;
			buildActionMask = 2147483647;
			files = (
			);
			runOnlyForDeploymentPostprocessing = 0;
		};
/* End PBXFrameworksBuildPhase section */

/* Begin PBXGroup section */
		12DE115D1FDE5EFB00E213DA = {
			isa = PBXGroup;
			children = (
				12DE11681FDE5EFB00E213DA /* myapp001 */,
				12DE11671FDE5EFB00E213DA /* Products */,
			);
			sourceTree = "<group>";
		};
		12DE11671FDE5EFB00E213DA /* Products */ = {
			isa = PBXGroup;
			children = (
				12DE11661FDE5EFB00E213DA /* myapp001.app */,
			);
			name = Products;
			sourceTree = "<group>";
		};
		12DE11681FDE5EFB00E213DA /* myapp001 */ = {
			isa = PBXGroup;
			children = (
				12DE11691FDE5EFB00E213DA /* AppDelegate.swift */,
				12DE116B1FDE5EFB00E213DA /* ViewController.swift */,
				12DE116D1FDE5EFB00E213DA /* Main.storyboard */,
				12DE11701FDE5EFB00E213DA /* Assets.xcassets */,
				12DE11721FDE5EFB00E213DA /* LaunchScreen.storyboard */,
				12DE11751FDE5EFB00E213DA /* Info.plist */,
			);
			path = myapp001;
			sourceTree = "<group>";
		};
/* End PBXGroup section */

/* Begin PBXNativeTarget section */
		12DE11651FDE5EFB00E213DA /* myapp001 */ = {
			isa = PBXNativeTarget;
			buildConfigurationList = 12DE11781FDE5EFB00E213DA /* Build configuration list for PBXNativeTarget "myapp001" */;
			buildPhases = (
				12DE11621FDE5EFB00E213DA /* Sources */,
				12DE11631FDE5EFB00E213DA /* Frameworks */,
				12DE11641FDE5EFB00E213DA /* Resources */,
			);
			buildRules = (
			);
			dependencies = (
			);
			name = myapp001;
			productName = myapp001;
			productReference = 12DE11661FDE5EFB00E213DA /* myapp001.app */;
			productType = "com.apple.product-type.application";
		};
/* End PBXNativeTarget section */

/* Begin PBXProject section */
		12DE115E1FDE5EFB00E213DA /* Project object */ = {
			isa = PBXProject;
			attributes = {
				LastSwiftUpdateCheck = 0920;
				LastUpgradeCheck = 0920;
				ORGANIZATIONNAME = "江宗益";
				TargetAttributes = {
					12DE11651FDE5EFB00E213DA = {
						CreatedOnToolsVersion = 9.2;
						ProvisioningStyle = Automatic;
					};
				};
			};
			buildConfigurationList = 12DE11611FDE5EFB00E213DA /* Build configuration list for PBXProject "myapp001" */;
			compatibilityVersion = "Xcode 8.0";
			developmentRegion = en;
			hasScannedForEncodings = 0;
			knownRegions = (
				en,
				Base,
			);
			mainGroup = 12DE115D1FDE5EFB00E213DA;
			productRefGroup = 12DE11671FDE5EFB00E213DA /* Products */;
			projectDirPath = "";
			projectRoot = "";
			targets = (
				12DE11651FDE5EFB00E213DA /* myapp001 */,
			);
		};
/* End PBXProject section */

/* Begin PBXResourcesBuildPhase section */
		12DE11641FDE5EFB00E213DA /* Resources */ = {
			isa = PBXResourcesBuildPhase;
			buildActionMask = 2147483647;
			files = (
				12DE11741FDE5EFB00E213DA /* LaunchScreen.storyboard in Resources */,
				12DE11711FDE5EFB00E213DA /* Assets.xcassets in Resources */,
				12DE116F1FDE5EFB00E213DA /* Main.storyboard in Resources */,
			);
			runOnlyForDeploymentPostprocessing = 0;
		};
/* End PBXResourcesBuildPhase section */

/* Begin PBXSourcesBuildPhase section */
		12DE11621FDE5EFB00E213DA /* Sources */ = {
			isa = PBXSourcesBuildPhase;
			buildActionMask = 2147483647;
			files = (
				12DE116C1FDE5EFB00E213DA /* ViewController.swift in Sources */,
				12DE116A1FDE5EFB00E213DA /* AppDelegate.swift in Sources */,
			);
			runOnlyForDeploymentPostprocessing = 0;
		};
/* End PBXSourcesBuildPhase section */

/* Begin PBXVariantGroup section */
		12DE116D1FDE5EFB00E213DA /* Main.storyboard */ = {
			isa = PBXVariantGroup;
			children = (
				12DE116E1FDE5EFB00E213DA /* Base */,
			);
			name = Main.storyboard;
			sourceTree = "<group>";
		};
		12DE11721FDE5EFB00E213DA /* LaunchScreen.storyboard */ = {
			isa = PBXVariantGroup;
			children = (
				12DE11731FDE5EFB00E213DA /* Base */,
			);
			name = LaunchScreen.storyboard;
			sourceTree = "<group>";
		};
/* End PBXVariantGroup section */

/* Begin XCBuildConfiguration section */
		12DE11761FDE5EFB00E213DA /* Debug */ = {
			isa = XCBuildConfiguration;
			buildSettings = {
				ALWAYS_SEARCH_USER_PATHS = NO;
				CLANG_ANALYZER_NONNULL = YES;
				CLANG_ANALYZER_NUMBER_OBJECT_CONVERSION = YES_AGGRESSIVE;
				CLANG_CXX_LANGUAGE_STANDARD = "gnu++14";
				CLANG_CXX_LIBRARY = "libc++";
				CLANG_ENABLE_MODULES = YES;
				CLANG_ENABLE_OBJC_ARC = YES;
				CLANG_WARN_BLOCK_CAPTURE_AUTORELEASING = YES;
				CLANG_WARN_BOOL_CONVERSION = YES;
				CLANG_WARN_COMMA = YES;
				CLANG_WARN_CONSTANT_CONVERSION = YES;
				CLANG_WARN_DIRECT_OBJC_ISA_USAGE = YES_ERROR;
				CLANG_WARN_DOCUMENTATION_COMMENTS = YES;
				CLANG_WARN_EMPTY_BODY = YES;
				CLANG_WARN_ENUM_CONVERSION = YES;
				CLANG_WARN_INFINITE_RECURSION = YES;
				CLANG_WARN_INT_CONVERSION = YES;
				CLANG_WARN_NON_LITERAL_NULL_CONVERSION = YES;
				CLANG_WARN_OBJC_LITERAL_CONVERSION = YES;
				CLANG_WARN_OBJC_ROOT_CLASS = YES_ERROR;
				CLANG_WARN_RANGE_LOOP_ANALYSIS = YES;
				CLANG_WARN_STRICT_PROTOTYPES = YES;
				CLANG_WARN_SUSPICIOUS_MOVE = YES;
				CLANG_WARN_UNGUARDED_AVAILABILITY = YES_AGGRESSIVE;
				CLANG_WARN_UNREACHABLE_CODE = YES;
				CLANG_WARN__DUPLICATE_METHOD_MATCH = YES;
				CODE_SIGN_IDENTITY = "iPhone Developer";
				COPY_PHASE_STRIP = NO;
				DEBUG_INFORMATION_FORMAT = dwarf;
				ENABLE_STRICT_OBJC_MSGSEND = YES;
				ENABLE_TESTABILITY = YES;
				GCC_C_LANGUAGE_STANDARD = gnu11;
				GCC_DYNAMIC_NO_PIC = NO;
				GCC_NO_COMMON_BLOCKS = YES;
				GCC_OPTIMIZATION_LEVEL = 0;
				GCC_PREPROCESSOR_DEFINITIONS = (
					"DEBUG=1",
					"$(inherited)",
				);
				GCC_WARN_64_TO_32_BIT_CONVERSION = YES;
				GCC_WARN_ABOUT_RETURN_TYPE = YES_ERROR;
				GCC_WARN_UNDECLARED_SELECTOR = YES;
				GCC_WARN_UNINITIALIZED_AUTOS = YES_AGGRESSIVE;
				GCC_WARN_UNUSED_FUNCTION = YES;
				GCC_WARN_UNUSED_VARIABLE = YES;
				IPHONEOS_DEPLOYMENT_TARGET = 11.2;
				MTL_ENABLE_DEBUG_INFO = YES;
				ONLY_ACTIVE_ARCH = YES;
				SDKROOT = iphoneos;
				SWIFT_ACTIVE_COMPILATION_CONDITIONS = DEBUG;
				SWIFT_OPTIMIZATION_LEVEL = "-Onone";
			};
			name = Debug;
		};
		12DE11771FDE5EFB00E213DA /* Release */ = {
			isa = XCBuildConfiguration;
			buildSettings = {
				ALWAYS_SEARCH_USER_PATHS = NO;
				CLANG_ANALYZER_NONNULL = YES;
				CLANG_ANALYZER_NUMBER_OBJECT_CONVERSION = YES_AGGRESSIVE;
				CLANG_CXX_LANGUAGE_STANDARD = "gnu++14";
				CLANG_CXX_LIBRARY = "libc++";
				CLANG_ENABLE_MODULES = YES;
				CLANG_ENABLE_OBJC_ARC = YES;
				CLANG_WARN_BLOCK_CAPTURE_AUTORELEASING = YES;
				CLANG_WARN_BOOL_CONVERSION = YES;
				CLANG_WARN_COMMA = YES;
				CLANG_WARN_CONSTANT_CONVERSION = YES;
				CLANG_WARN_DIRECT_OBJC_ISA_USAGE = YES_ERROR;
				CLANG_WARN_DOCUMENTATION_COMMENTS = YES;
				CLANG_WARN_EMPTY_BODY = YES;
				CLANG_WARN_ENUM_CONVERSION = YES;
				CLANG_WARN_INFINITE_RECURSION = YES;
				CLANG_WARN_INT_CONVERSION = YES;
				CLANG_WARN_NON_LITERAL_NULL_CONVERSION = YES;
				CLANG_WARN_OBJC_LITERAL_CONVERSION = YES;
				CLANG_WARN_OBJC_ROOT_CLASS = YES_ERROR;
				CLANG_WARN_RANGE_LOOP_ANALYSIS = YES;
				CLANG_WARN_STRICT_PROTOTYPES = YES;
				CLANG_WARN_SUSPICIOUS_MOVE = YES;
				CLANG_WARN_UNGUARDED_AVAILABILITY = YES_AGGRESSIVE;
				CLANG_WARN_UNREACHABLE_CODE = YES;
				CLANG_WARN__DUPLICATE_METHOD_MATCH = YES;
				CODE_SIGN_IDENTITY = "iPhone Developer";
				COPY_PHASE_STRIP = NO;
				DEBUG_INFORMATION_FORMAT = "dwarf-with-dsym";
				ENABLE_NS_ASSERTIONS = NO;
				ENABLE_STRICT_OBJC_MSGSEND = YES;
				GCC_C_LANGUAGE_STANDARD = gnu11;
				GCC_NO_COMMON_BLOCKS = YES;
				GCC_WARN_64_TO_32_BIT_CONVERSION = YES;
				GCC_WARN_ABOUT_RETURN_TYPE = YES_ERROR;
				GCC_WARN_UNDECLARED_SELECTOR = YES;
				GCC_WARN_UNINITIALIZED_AUTOS = YES_AGGRESSIVE;
				GCC_WARN_UNUSED_FUNCTION = YES;
				GCC_WARN_UNUSED_VARIABLE = YES;
				IPHONEOS_DEPLOYMENT_TARGET = 11.2;
				MTL_ENABLE_DEBUG_INFO = NO;
				SDKROOT = iphoneos;
				SWIFT_OPTIMIZATION_LEVEL = "-Owholemodule";
				VALIDATE_PRODUCT = YES;
			};
			name = Release;
		};
		12DE11791FDE5EFB00E213DA /* Debug */ = {
			isa = XCBuildConfiguration;
			buildSettings = {
				ASSETCATALOG_COMPILER_APPICON_NAME = AppIcon;
				CODE_SIGN_STYLE = Automatic;
				DEVELOPMENT_TEAM = BR25ZM5M9T;
				INFOPLIST_FILE = myapp001/Info.plist;
				LD_RUNPATH_SEARCH_PATHS = "$(inherited) @executable_path/Frameworks";
				PRODUCT_BUNDLE_IDENTIFIER = tw.org.iii.myapp001;
				PRODUCT_NAME = "$(TARGET_NAME)";
				SWIFT_VERSION = 4.0;
				TARGETED_DEVICE_FAMILY = "1,2";
			};
			name = Debug;
		};
		12DE117A1FDE5EFB00E213DA /* Release */ = {
			isa = XCBuildConfiguration;
			buildSettings = {
				ASSETCATALOG_COMPILER_APPICON_NAME = AppIcon;
				CODE_SIGN_STYLE = Automatic;
				DEVELOPMENT_TEAM = BR25ZM5M9T;
				INFOPLIST_FILE = myapp001/Info.plist;
				LD_RUNPATH_SEARCH_PATHS = "$(inherited) @executable_path/Frameworks";
				PRODUCT_BUNDLE_IDENTIFIER = tw.org.iii.myapp001;
				PRODUCT_NAME = "$(TARGET_NAME)";
				SWIFT_VERSION = 4.0;
				TARGETED_DEVICE_FAMILY = "1,2";
			};
			name = Release;
		};
/* End XCBuildConfiguration section */

/* Begin XCConfigurationList section */
		12DE11611FDE5EFB00E213DA /* Build configuration list for PBXProject "myapp001" */ = {
			isa = XCConfigurationList;
			buildConfigurations = (
				12DE11761FDE5EFB00E213DA /* Debug */,
				12DE11771FDE5EFB00E213DA /* Release */,
			);
			defaultConfigurationIsVisible = 0;
			defaultConfigurationName = Release;
		};
		12DE11781FDE5EFB00E213DA /* Build configuration list for PBXNativeTarget "myapp001" */ = {
			isa = XCConfigurationList;
			buildConfigurations = (
				12DE11791FDE5EFB00E213DA /* Debug */,
				12DE117A1FDE5EFB00E213DA /* Release */,
			);
			defaultConfigurationIsVisible = 0;
			defaultConfigurationName = Release;
		};
/* End XCConfigurationList section */
	};
	rootObject = 12DE115E1FDE5EFB00E213DA /* Project object */;
}
